
Microsoft Visual Studio Solution File, Format Version 12.00
# Visual Studio Version 16
VisualStudioVersion = 16.0.31005.135
MinimumVisualStudioVersion = 10.0.40219.1
Project("{9A19103F-16F7-4668-BE54-9A1E7A4F7556}") = "B2BiCore.UI.WPF", "B2BiCore.UI.WPF\B2BiCore.UI.WPF.csproj", "{C08D995D-2CBA-4482-B8E3-FF62E0D0526F}"
EndProject
Project("{9A19103F-16F7-4668-BE54-9A1E7A4F7556}") = "B2BiCore.Data", "B2BiCore.Data\B2BiCore.Data.csproj", "{5A675BDE-065B-42AD-8AC7-274031DF4A0C}"
EndProject
Project("{9A19103F-16F7-4668-BE54-9A1E7A4F7556}") = "B2BiCore.Domain", "B2BiCore.Domain\B2BiCore.Domain.csproj", "{B4C5EF29-410B-436B-A293-2A203D0760F5}"
EndProject
Project("{9A19103F-16F7-4668-BE54-9A1E7A4F7556}") = "B2BiCore.UI.Win", "B2BiCore.UI.Win\B2BiCore.UI.Win.csproj", "{96016292-D283-4D48-8203-E1FAD1BB33DE}"
EndProject
Project("{FAE04EC0-301F-11D3-BF4B-00C04F79EFBC}") = "xB2BiCore.Data.Tests", "Tests\B2BiCore.Data.Tests\xB2BiCore.Data.Tests.csproj", "{A1348029-8DC5-4DD1-A0BC-942C8E6052A8}"
EndProject
Project("{FAE04EC0-301F-11D3-BF4B-00C04F79EFBC}") = "xB2BiCore.Domain.Tests", "Tests\xB2BiCore.Domain.Tests\xB2BiCore.Domain.Tests.csproj", "{755C7790-82D5-4DB7-8ACB-92A6FC081C52}"
EndProject
Global
	GlobalSection(SolutionConfigurationPlatforms) = preSolution
		Debug|Any CPU = Debug|Any CPU
		Release|Any CPU = Release|Any CPU
	EndGlobalSection
	GlobalSection(ProjectConfigurationPlatforms) = postSolution
		{C08D995D-2CBA-4482-B8E3-FF62E0D0526F}.Debug|Any CPU.ActiveCfg = Debug|Any CPU
		{C08D995D-2CBA-4482-B8E3-FF62E0D0526F}.Debug|Any CPU.Build.0 = Debug|Any CPU
		{C08D995D-2CBA-4482-B8E3-FF62E0D0526F}.Release|Any CPU.ActiveCfg = Release|Any CPU
		{C08D995D-2CBA-4482-B8E3-FF62E0D0526F}.Release|Any CPU.Build.0 = Release|Any CPU
		{5A675BDE-065B-42AD-8AC7-274031DF4A0C}.Debug|Any CPU.ActiveCfg = Debug|Any CPU
		{5A675BDE-065B-42AD-8AC7-274031DF4A0C}.Debug|Any CPU.Build.0 = Debug|Any CPU
		{5A675BDE-065B-42AD-8AC7-274031DF4A0C}.Release|Any CPU.ActiveCfg = Release|Any CPU
		{5A675BDE-065B-42AD-8AC7-274031DF4A0C}.Release|Any CPU.Build.0 = Release|Any CPU
		{B4C5EF29-410B-436B-A293-2A203D0760F5}.Debug|Any CPU.ActiveCfg = Debug|Any CPU
		{B4C5EF29-410B-436B-A293-2A203D0760F5}.Debug|Any CPU.Build.0 = Debug|Any CPU
		{B4C5EF29-410B-436B-A293-2A203D0760F5}.Release|Any CPU.ActiveCfg = Release|Any CPU
		{B4C5EF29-410B-436B-A293-2A203D0760F5}.Release|Any CPU.Build.0 = Release|Any CPU
		{96016292-D283-4D48-8203-E1FAD1BB33DE}.Debug|Any CPU.ActiveCfg = Debug|Any CPU
		{96016292-D283-4D48-8203-E1FAD1BB33DE}.Debug|Any CPU.Build.0 = Debug|Any CPU
		{96016292-D283-4D48-8203-E1FAD1BB33DE}.Release|Any CPU.ActiveCfg = Release|Any CPU
		{96016292-D283-4D48-8203-E1FAD1BB33DE}.Release|Any CPU.Build.0 = Release|Any CPU
		{A1348029-8DC5-4DD1-A0BC-942C8E6052A8}.Debug|Any CPU.ActiveCfg = Debug|Any CPU
		{A1348029-8DC5-4DD1-A0BC-942C8E6052A8}.Debug|Any CPU.Build.0 = Debug|Any CPU
		{A1348029-8DC5-4DD1-A0BC-942C8E6052A8}.Release|Any CPU.ActiveCfg = Release|Any CPU
		{A1348029-8DC5-4DD1-A0BC-942C8E6052A8}.Release|Any CPU.Build.0 = Release|Any CPU
		{755C7790-82D5-4DB7-8ACB-92A6FC081C52}.Debug|Any CPU.ActiveCfg = Debug|Any CPU
		{755C7790-82D5-4DB7-8ACB-92A6FC081C52}.Debug|Any CPU.Build.0 = Debug|Any CPU
		{755C7790-82D5-4DB7-8ACB-92A6FC081C52}.Release|Any CPU.ActiveCfg = Release|Any CPU
		{755C7790-82D5-4DB7-8ACB-92A6FC081C52}.Release|Any CPU.Build.0 = Release|Any CPU
	EndGlobalSection
	GlobalSection(SolutionProperties) = preSolution
		HideSolutionNode = FALSE
	EndGlobalSection
	GlobalSection(ExtensibilityGlobals) = postSolution
		SolutionGuid = {067C9BC4-7554-4891-B58E-B9A9C296B6B8}
	EndGlobalSection
EndGlobal
